
Microsoft Visual Studio Solution File, Format Version 12.00
# Visual Studio Version 17
VisualStudioVersion = 17.4.33122.133
MinimumVisualStudioVersion = 10.0.40219.1
Project("{FAE04EC0-301F-11D3-BF4B-00C04F79EFBC}") = "GithubActionsFunctionApp", "GithubActionsFunctionApp\GithubActionsFunctionApp.csproj", "{2A0B6A8E-63A6-40C5-BF09-4351EBD993BD}"
EndProject
Global
	GlobalSection(SolutionConfigurationPlatforms) = preSolution
		Debug|Any CPU = Debug|Any CPU
		Release|Any CPU = Release|Any CPU
	EndGlobalSection
	GlobalSection(ProjectConfigurationPlatforms) = postSolution
		{2A0B6A8E-63A6-40C5-BF09-4351EBD993BD}.Debug|Any CPU.ActiveCfg = Debug|Any CPU
		{2A0B6A8E-63A6-40C5-BF09-4351EBD993BD}.Debug|Any CPU.Build.0 = Debug|Any CPU
		{2A0B6A8E-63A6-40C5-BF09-4351EBD993BD}.Release|Any CPU.ActiveCfg = Release|Any CPU
		{2A0B6A8E-63A6-40C5-BF09-4351EBD993BD}.Release|Any CPU.Build.0 = Release|Any CPU
	EndGlobalSection
	GlobalSection(SolutionProperties) = preSolution
		HideSolutionNode = FALSE
	EndGlobalSection
	GlobalSection(ExtensibilityGlobals) = postSolution
		SolutionGuid = {D6389A3B-247C-4698-B4C0-49D7A87E3BB1}
	EndGlobalSection
EndGlobal
